
Microsoft Visual Studio Solution File, Format Version 12.00
# Visual Studio Version 17
VisualStudioVersion = 17.11.35312.102
MinimumVisualStudioVersion = 10.0.40219.1
Project("{FAE04EC0-301F-11D3-BF4B-00C04F79EFBC}") = "Lab3", "Lab3.csproj", "{9934CCF5-508F-41AB-9489-71F8B84BAC76}"
EndProject
Global
	GlobalSection(SolutionConfigurationPlatforms) = preSolution
		Debug|Any CPU = Debug|Any CPU
		Release|Any CPU = Release|Any CPU
	EndGlobalSection
	GlobalSection(ProjectConfigurationPlatforms) = postSolution
		{9934CCF5-508F-41AB-9489-71F8B84BAC76}.Debug|Any CPU.ActiveCfg = Debug|Any CPU
		{9934CCF5-508F-41AB-9489-71F8B84BAC76}.Debug|Any CPU.Build.0 = Debug|Any CPU
		{9934CCF5-508F-41AB-9489-71F8B84BAC76}.Release|Any CPU.ActiveCfg = Release|Any CPU
		{9934CCF5-508F-41AB-9489-71F8B84BAC76}.Release|Any CPU.Build.0 = Release|Any CPU
	EndGlobalSection
	GlobalSection(SolutionProperties) = preSolution
		HideSolutionNode = FALSE
	EndGlobalSection
	GlobalSection(ExtensibilityGlobals) = postSolution
		SolutionGuid = {5AB069F0-A474-4977-9C45-7C4E0FBAD975}
	EndGlobalSection
EndGlobal
